
Microsoft Visual Studio Solution File, Format Version 12.00
# Visual Studio Version 17
VisualStudioVersion = 17.8.34309.116
MinimumVisualStudioVersion = 10.0.40219.1
Project("{FAE04EC0-301F-11D3-BF4B-00C04F79EFBC}") = "VoorbeeldOrders", "VoorbeeldOrders.csproj", "{D7AA0728-AB3A-4AC4-BD5E-2C170EA64C13}"
EndProject
Global
	GlobalSection(SolutionConfigurationPlatforms) = preSolution
		Debug|Any CPU = Debug|Any CPU
		Release|Any CPU = Release|Any CPU
	EndGlobalSection
	GlobalSection(ProjectConfigurationPlatforms) = postSolution
		{D7AA0728-AB3A-4AC4-BD5E-2C170EA64C13}.Debug|Any CPU.ActiveCfg = Debug|Any CPU
		{D7AA0728-AB3A-4AC4-BD5E-2C170EA64C13}.Debug|Any CPU.Build.0 = Debug|Any CPU
		{D7AA0728-AB3A-4AC4-BD5E-2C170EA64C13}.Debug|Any CPU.Deploy.0 = Debug|Any CPU
		{D7AA0728-AB3A-4AC4-BD5E-2C170EA64C13}.Release|Any CPU.ActiveCfg = Release|Any CPU
		{D7AA0728-AB3A-4AC4-BD5E-2C170EA64C13}.Release|Any CPU.Build.0 = Release|Any CPU
		{D7AA0728-AB3A-4AC4-BD5E-2C170EA64C13}.Release|Any CPU.Deploy.0 = Release|Any CPU
	EndGlobalSection
	GlobalSection(SolutionProperties) = preSolution
		HideSolutionNode = FALSE
	EndGlobalSection
	GlobalSection(ExtensibilityGlobals) = postSolution
		SolutionGuid = {72F3D20C-27DD-45F5-B87E-D00DA8C528A5}
	EndGlobalSection
EndGlobal
